// !$*UTF8*$!
{
	archiveVersion = 1;
	classes = {
	};
	objectVersion = 46;
	objects = {

/* Begin PBXBuildFile section */
		222C963C1558812000ED42B1 /* OOORegistration.h in Headers */ = {isa = PBXBuildFile; fileRef = 222C963A1558812000ED42B1 /* OOORegistration.h */; };
		222C963D1558812000ED42B1 /* OOORegistration.m in Sources */ = {isa = PBXBuildFile; fileRef = 222C963B1558812000ED42B1 /* OOORegistration.m */; };
		2230242015B4B26C00E10499 /* OOOMath.h in Headers */ = {isa = PBXBuildFile; fileRef = 2230241E15B4B26C00E10499 /* OOOMath.h */; };
		2230242115B4B26C00E10499 /* OOOMath.m in Sources */ = {isa = PBXBuildFile; fileRef = 2230241F15B4B26C00E10499 /* OOOMath.m */; };
		2231637715B4FA7900F85F32 /* OOOFlags.h in Headers */ = {isa = PBXBuildFile; fileRef = 2231637515B4FA7900F85F32 /* OOOFlags.h */; };
		2231637815B4FA7900F85F32 /* OOOFlags.m in Sources */ = {isa = PBXBuildFile; fileRef = 2231637615B4FA7900F85F32 /* OOOFlags.m */; };
		225041B8155889B10014FA5D /* OOOTypes.h in Headers */ = {isa = PBXBuildFile; fileRef = 225041B7155889B10014FA5D /* OOOTypes.h */; };
		227F8BEE15DB0092005ADF63 /* OOOKey.h in Headers */ = {isa = PBXBuildFile; fileRef = 227F8BEC15DB0092005ADF63 /* OOOKey.h */; };
		227F8BEF15DB0092005ADF63 /* OOOKey.m in Sources */ = {isa = PBXBuildFile; fileRef = 227F8BED15DB0092005ADF63 /* OOOKey.m */; };
		227F8C1615DC4EB7005ADF63 /* OOOProfiler.m in Sources */ = {isa = PBXBuildFile; fileRef = 227F8BFC15DC3D07005ADF63 /* OOOProfiler.m */; };
		229E27B51557473D001452E5 /* Foundation.framework in Frameworks */ = {isa = PBXBuildFile; fileRef = 229E27B41557473D001452E5 /* Foundation.framework */; };
		229E27C31557473D001452E5 /* SenTestingKit.framework in Frameworks */ = {isa = PBXBuildFile; fileRef = 229E27C21557473D001452E5 /* SenTestingKit.framework */; };
		229E27C61557473D001452E5 /* Foundation.framework in Frameworks */ = {isa = PBXBuildFile; fileRef = 229E27B41557473D001452E5 /* Foundation.framework */; };
		229E27C91557473D001452E5 /* libcooocoa.a in Frameworks */ = {isa = PBXBuildFile; fileRef = 229E27B11557473D001452E5 /* libcooocoa.a */; };
		229E27FF155748C2001452E5 /* GDataXMLNode+OOOExtensions.h in Headers */ = {isa = PBXBuildFile; fileRef = 229E27F5155748C2001452E5 /* GDataXMLNode+OOOExtensions.h */; };
		229E2800155748C2001452E5 /* GDataXMLNode+OOOExtensions.m in Sources */ = {isa = PBXBuildFile; fileRef = 229E27F6155748C2001452E5 /* GDataXMLNode+OOOExtensions.m */; };
		229E2801155748C2001452E5 /* NSArray+OOOExtensions.h in Headers */ = {isa = PBXBuildFile; fileRef = 229E27F7155748C2001452E5 /* NSArray+OOOExtensions.h */; };
		229E2802155748C2001452E5 /* NSArray+OOOExtensions.m in Sources */ = {isa = PBXBuildFile; fileRef = 229E27F8155748C2001452E5 /* NSArray+OOOExtensions.m */; };
		229E2803155748C2001452E5 /* NSMutableArray+OOOExtensions.h in Headers */ = {isa = PBXBuildFile; fileRef = 229E27F9155748C2001452E5 /* NSMutableArray+OOOExtensions.h */; };
		229E2804155748C2001452E5 /* NSMutableArray+OOOExtensions.m in Sources */ = {isa = PBXBuildFile; fileRef = 229E27FA155748C2001452E5 /* NSMutableArray+OOOExtensions.m */; };
		229E2805155748C2001452E5 /* NSString+OOOExtensions.h in Headers */ = {isa = PBXBuildFile; fileRef = 229E27FB155748C2001452E5 /* NSString+OOOExtensions.h */; };
		229E2806155748C2001452E5 /* NSString+OOOExtensions.m in Sources */ = {isa = PBXBuildFile; fileRef = 229E27FC155748C2001452E5 /* NSString+OOOExtensions.m */; };
		229E280B155748F5001452E5 /* cooocoaTests.m in Sources */ = {isa = PBXBuildFile; fileRef = 229E280A155748F5001452E5 /* cooocoaTests.m */; };
		229E28101557494C001452E5 /* GDataXMLException.h in Headers */ = {isa = PBXBuildFile; fileRef = 229E280C1557494C001452E5 /* GDataXMLException.h */; };
		229E28111557494C001452E5 /* GDataXMLException.m in Sources */ = {isa = PBXBuildFile; fileRef = 229E280D1557494C001452E5 /* GDataXMLException.m */; };
		229E28121557494C001452E5 /* GDataXMLNode.h in Headers */ = {isa = PBXBuildFile; fileRef = 229E280E1557494C001452E5 /* GDataXMLNode.h */; };
		229E28131557494C001452E5 /* GDataXMLNode.m in Sources */ = {isa = PBXBuildFile; fileRef = 229E280F1557494C001452E5 /* GDataXMLNode.m */; settings = {COMPILER_FLAGS = "-fno-objc-arc"; }; };
		229E2820155749A6001452E5 /* OOOCollections.h in Headers */ = {isa = PBXBuildFile; fileRef = 229E2815155749A6001452E5 /* OOOCollections.h */; };
		229E2821155749A6001452E5 /* OOOCollections.m in Sources */ = {isa = PBXBuildFile; fileRef = 229E2816155749A6001452E5 /* OOOCollections.m */; };
		229E2822155749A6001452E5 /* OOOEnum.h in Headers */ = {isa = PBXBuildFile; fileRef = 229E2817155749A6001452E5 /* OOOEnum.h */; };
		229E2823155749A6001452E5 /* OOOEnum.m in Sources */ = {isa = PBXBuildFile; fileRef = 229E2818155749A6001452E5 /* OOOEnum.m */; };
		229E2824155749A6001452E5 /* OOOMacros.h in Headers */ = {isa = PBXBuildFile; fileRef = 229E2819155749A6001452E5 /* OOOMacros.h */; };
		229E2825155749A6001452E5 /* OOORandoms.h in Headers */ = {isa = PBXBuildFile; fileRef = 229E281A155749A6001452E5 /* OOORandoms.h */; };
		229E2826155749A6001452E5 /* OOORandoms.m in Sources */ = {isa = PBXBuildFile; fileRef = 229E281B155749A6001452E5 /* OOORandoms.m */; };
		229E2827155749A6001452E5 /* OOOUtils.h in Headers */ = {isa = PBXBuildFile; fileRef = 229E281C155749A6001452E5 /* OOOUtils.h */; };
		229E2828155749A6001452E5 /* OOOUtils.m in Sources */ = {isa = PBXBuildFile; fileRef = 229E281D155749A6001452E5 /* OOOUtils.m */; };
		229E2829155749A6001452E5 /* OOOWeightedArray.h in Headers */ = {isa = PBXBuildFile; fileRef = 229E281E155749A6001452E5 /* OOOWeightedArray.h */; };
		229E282A155749A6001452E5 /* OOOWeightedArray.m in Sources */ = {isa = PBXBuildFile; fileRef = 229E281F155749A6001452E5 /* OOOWeightedArray.m */; };
		229E283415574E87001452E5 /* cooocoa_Prefix.pch in Headers */ = {isa = PBXBuildFile; fileRef = 229E283315574E87001452E5 /* cooocoa_Prefix.pch */; };
		22A87047156AEAE300101F6D /* OOOEasing.h in Headers */ = {isa = PBXBuildFile; fileRef = 22A87042156AEAE300101F6D /* OOOEasing.h */; };
		22A87048156AEAE300101F6D /* OOOEasing.m in Sources */ = {isa = PBXBuildFile; fileRef = 22A87043156AEAE300101F6D /* OOOEasing.m */; };
		22A8704A156AEAE300101F6D /* OOOPowerEaser.h in Headers */ = {isa = PBXBuildFile; fileRef = 22A87045156AEAE300101F6D /* OOOPowerEaser.h */; };
		22A8704B156AEAE300101F6D /* OOOPowerEaser.m in Sources */ = {isa = PBXBuildFile; fileRef = 22A87046156AEAE300101F6D /* OOOPowerEaser.m */; };
		22E43A861559BEE8003A43B8 /* OOOBoxed.h in Headers */ = {isa = PBXBuildFile; fileRef = 22E43A841559BEE8003A43B8 /* OOOBoxed.h */; };
		22E43A871559BEE8003A43B8 /* OOOBoxed.m in Sources */ = {isa = PBXBuildFile; fileRef = 22E43A851559BEE8003A43B8 /* OOOBoxed.m */; };
		22E7697A15575C8A006E96DB /* OOOFloatRange.h in Headers */ = {isa = PBXBuildFile; fileRef = 22E7697615575C8A006E96DB /* OOOFloatRange.h */; };
		22E7697B15575C8A006E96DB /* OOOFloatRange.m in Sources */ = {isa = PBXBuildFile; fileRef = 22E7697715575C8A006E96DB /* OOOFloatRange.m */; };
		22E7697C15575C8A006E96DB /* OOOIntRange.h in Headers */ = {isa = PBXBuildFile; fileRef = 22E7697815575C8A006E96DB /* OOOIntRange.h */; };
		22E7697D15575C8A006E96DB /* OOOIntRange.m in Sources */ = {isa = PBXBuildFile; fileRef = 22E7697915575C8A006E96DB /* OOOIntRange.m */; };
/* End PBXBuildFile section */

/* Begin PBXContainerItemProxy section */
		229E27C71557473D001452E5 /* PBXContainerItemProxy */ = {
			isa = PBXContainerItemProxy;
			containerPortal = 229E27A81557473C001452E5 /* Project object */;
			proxyType = 1;
			remoteGlobalIDString = 229E27B01557473D001452E5;
			remoteInfo = cooocoa;
		};
/* End PBXContainerItemProxy section */

/* Begin PBXFileReference section */
		222C963A1558812000ED42B1 /* OOORegistration.h */ = {isa = PBXFileReference; fileEncoding = 4; lastKnownFileType = sourcecode.c.h; path = OOORegistration.h; sourceTree = "<group>"; };
		222C963B1558812000ED42B1 /* OOORegistration.m */ = {isa = PBXFileReference; fileEncoding = 4; lastKnownFileType = sourcecode.c.objc; path = OOORegistration.m; sourceTree = "<group>"; };
		2230241E15B4B26C00E10499 /* OOOMath.h */ = {isa = PBXFileReference; fileEncoding = 4; lastKnownFileType = sourcecode.c.h; path = OOOMath.h; sourceTree = "<group>"; };
		2230241F15B4B26C00E10499 /* OOOMath.m */ = {isa = PBXFileReference; fileEncoding = 4; lastKnownFileType = sourcecode.c.objc; path = OOOMath.m; sourceTree = "<group>"; };
		2231637515B4FA7900F85F32 /* OOOFlags.h */ = {isa = PBXFileReference; fileEncoding = 4; lastKnownFileType = sourcecode.c.h; path = OOOFlags.h; sourceTree = "<group>"; };
		2231637615B4FA7900F85F32 /* OOOFlags.m */ = {isa = PBXFileReference; fileEncoding = 4; lastKnownFileType = sourcecode.c.objc; path = OOOFlags.m; sourceTree = "<group>"; };
		225041B7155889B10014FA5D /* OOOTypes.h */ = {isa = PBXFileReference; fileEncoding = 4; lastKnownFileType = sourcecode.c.h; path = OOOTypes.h; sourceTree = "<group>"; };
		227F8BEC15DB0092005ADF63 /* OOOKey.h */ = {isa = PBXFileReference; fileEncoding = 4; lastKnownFileType = sourcecode.c.h; path = OOOKey.h; sourceTree = "<group>"; };
		227F8BED15DB0092005ADF63 /* OOOKey.m */ = {isa = PBXFileReference; fileEncoding = 4; lastKnownFileType = sourcecode.c.objc; path = OOOKey.m; sourceTree = "<group>"; };
		227F8BFB15DC3D07005ADF63 /* OOOProfiler.h */ = {isa = PBXFileReference; fileEncoding = 4; lastKnownFileType = sourcecode.c.h; path = OOOProfiler.h; sourceTree = "<group>"; };
		227F8BFC15DC3D07005ADF63 /* OOOProfiler.m */ = {isa = PBXFileReference; fileEncoding = 4; lastKnownFileType = sourcecode.c.objc; path = OOOProfiler.m; sourceTree = "<group>"; };
		229E27B11557473D001452E5 /* libcooocoa.a */ = {isa = PBXFileReference; explicitFileType = archive.ar; includeInIndex = 0; path = libcooocoa.a; sourceTree = BUILT_PRODUCTS_DIR; };
		229E27B41557473D001452E5 /* Foundation.framework */ = {isa = PBXFileReference; lastKnownFileType = wrapper.framework; name = Foundation.framework; path = System/Library/Frameworks/Foundation.framework; sourceTree = SDKROOT; };
		229E27C11557473D001452E5 /* cooocoaTests.octest */ = {isa = PBXFileReference; explicitFileType = wrapper.cfbundle; includeInIndex = 0; path = cooocoaTests.octest; sourceTree = BUILT_PRODUCTS_DIR; };
		229E27C21557473D001452E5 /* SenTestingKit.framework */ = {isa = PBXFileReference; lastKnownFileType = wrapper.framework; name = SenTestingKit.framework; path = Library/Frameworks/SenTestingKit.framework; sourceTree = DEVELOPER_DIR; };
		229E27F5155748C2001452E5 /* GDataXMLNode+OOOExtensions.h */ = {isa = PBXFileReference; fileEncoding = 4; lastKnownFileType = sourcecode.c.h; path = "GDataXMLNode+OOOExtensions.h"; sourceTree = "<group>"; };
		229E27F6155748C2001452E5 /* GDataXMLNode+OOOExtensions.m */ = {isa = PBXFileReference; fileEncoding = 4; lastKnownFileType = sourcecode.c.objc; path = "GDataXMLNode+OOOExtensions.m"; sourceTree = "<group>"; };
		229E27F7155748C2001452E5 /* NSArray+OOOExtensions.h */ = {isa = PBXFileReference; fileEncoding = 4; lastKnownFileType = sourcecode.c.h; path = "NSArray+OOOExtensions.h"; sourceTree = "<group>"; };
		229E27F8155748C2001452E5 /* NSArray+OOOExtensions.m */ = {isa = PBXFileReference; fileEncoding = 4; lastKnownFileType = sourcecode.c.objc; path = "NSArray+OOOExtensions.m"; sourceTree = "<group>"; };
		229E27F9155748C2001452E5 /* NSMutableArray+OOOExtensions.h */ = {isa = PBXFileReference; fileEncoding = 4; lastKnownFileType = sourcecode.c.h; path = "NSMutableArray+OOOExtensions.h"; sourceTree = "<group>"; };
		229E27FA155748C2001452E5 /* NSMutableArray+OOOExtensions.m */ = {isa = PBXFileReference; fileEncoding = 4; lastKnownFileType = sourcecode.c.objc; path = "NSMutableArray+OOOExtensions.m"; sourceTree = "<group>"; };
		229E27FB155748C2001452E5 /* NSString+OOOExtensions.h */ = {isa = PBXFileReference; fileEncoding = 4; lastKnownFileType = sourcecode.c.h; path = "NSString+OOOExtensions.h"; sourceTree = "<group>"; };
		229E27FC155748C2001452E5 /* NSString+OOOExtensions.m */ = {isa = PBXFileReference; fileEncoding = 4; lastKnownFileType = sourcecode.c.objc; path = "NSString+OOOExtensions.m"; sourceTree = "<group>"; };
		229E2809155748F5001452E5 /* cooocoaTests.h */ = {isa = PBXFileReference; fileEncoding = 4; lastKnownFileType = sourcecode.c.h; path = cooocoaTests.h; sourceTree = "<group>"; };
		229E280A155748F5001452E5 /* cooocoaTests.m */ = {isa = PBXFileReference; fileEncoding = 4; lastKnownFileType = sourcecode.c.objc; path = cooocoaTests.m; sourceTree = "<group>"; };
		229E280C1557494C001452E5 /* GDataXMLException.h */ = {isa = PBXFileReference; fileEncoding = 4; lastKnownFileType = sourcecode.c.h; path = GDataXMLException.h; sourceTree = "<group>"; };
		229E280D1557494C001452E5 /* GDataXMLException.m */ = {isa = PBXFileReference; fileEncoding = 4; lastKnownFileType = sourcecode.c.objc; path = GDataXMLException.m; sourceTree = "<group>"; };
		229E280E1557494C001452E5 /* GDataXMLNode.h */ = {isa = PBXFileReference; fileEncoding = 4; lastKnownFileType = sourcecode.c.h; path = GDataXMLNode.h; sourceTree = "<group>"; };
		229E280F1557494C001452E5 /* GDataXMLNode.m */ = {isa = PBXFileReference; fileEncoding = 4; lastKnownFileType = sourcecode.c.objc; path = GDataXMLNode.m; sourceTree = "<group>"; };
		229E2815155749A6001452E5 /* OOOCollections.h */ = {isa = PBXFileReference; fileEncoding = 4; lastKnownFileType = sourcecode.c.h; path = OOOCollections.h; sourceTree = "<group>"; };
		229E2816155749A6001452E5 /* OOOCollections.m */ = {isa = PBXFileReference; fileEncoding = 4; lastKnownFileType = sourcecode.c.objc; path = OOOCollections.m; sourceTree = "<group>"; };
		229E2817155749A6001452E5 /* OOOEnum.h */ = {isa = PBXFileReference; fileEncoding = 4; lastKnownFileType = sourcecode.c.h; path = OOOEnum.h; sourceTree = "<group>"; };
		229E2818155749A6001452E5 /* OOOEnum.m */ = {isa = PBXFileReference; fileEncoding = 4; lastKnownFileType = sourcecode.c.objc; path = OOOEnum.m; sourceTree = "<group>"; };
		229E2819155749A6001452E5 /* OOOMacros.h */ = {isa = PBXFileReference; fileEncoding = 4; lastKnownFileType = sourcecode.c.h; path = OOOMacros.h; sourceTree = "<group>"; };
		229E281A155749A6001452E5 /* OOORandoms.h */ = {isa = PBXFileReference; fileEncoding = 4; lastKnownFileType = sourcecode.c.h; path = OOORandoms.h; sourceTree = "<group>"; };
		229E281B155749A6001452E5 /* OOORandoms.m */ = {isa = PBXFileReference; fileEncoding = 4; lastKnownFileType = sourcecode.c.objc; path = OOORandoms.m; sourceTree = "<group>"; };
		229E281C155749A6001452E5 /* OOOUtils.h */ = {isa = PBXFileReference; fileEncoding = 4; lastKnownFileType = sourcecode.c.h; path = OOOUtils.h; sourceTree = "<group>"; };
		229E281D155749A6001452E5 /* OOOUtils.m */ = {isa = PBXFileReference; fileEncoding = 4; lastKnownFileType = sourcecode.c.objc; path = OOOUtils.m; sourceTree = "<group>"; };
		229E281E155749A6001452E5 /* OOOWeightedArray.h */ = {isa = PBXFileReference; fileEncoding = 4; lastKnownFileType = sourcecode.c.h; path = OOOWeightedArray.h; sourceTree = "<group>"; };
		229E281F155749A6001452E5 /* OOOWeightedArray.m */ = {isa = PBXFileReference; fileEncoding = 4; lastKnownFileType = sourcecode.c.objc; path = OOOWeightedArray.m; sourceTree = "<group>"; };
		229E282B15574CF3001452E5 /* cooocoa.h */ = {isa = PBXFileReference; lastKnownFileType = sourcecode.c.h; path = cooocoa.h; sourceTree = "<group>"; };
		229E283315574E87001452E5 /* cooocoa_Prefix.pch */ = {isa = PBXFileReference; fileEncoding = 4; lastKnownFileType = sourcecode.c.h; path = cooocoa_Prefix.pch; sourceTree = "<group>"; };
		22A87042156AEAE300101F6D /* OOOEasing.h */ = {isa = PBXFileReference; fileEncoding = 4; lastKnownFileType = sourcecode.c.h; path = OOOEasing.h; sourceTree = "<group>"; };
		22A87043156AEAE300101F6D /* OOOEasing.m */ = {isa = PBXFileReference; fileEncoding = 4; lastKnownFileType = sourcecode.c.objc; path = OOOEasing.m; sourceTree = "<group>"; };
		22A87045156AEAE300101F6D /* OOOPowerEaser.h */ = {isa = PBXFileReference; fileEncoding = 4; lastKnownFileType = sourcecode.c.h; path = OOOPowerEaser.h; sourceTree = "<group>"; };
		22A87046156AEAE300101F6D /* OOOPowerEaser.m */ = {isa = PBXFileReference; fileEncoding = 4; lastKnownFileType = sourcecode.c.objc; path = OOOPowerEaser.m; sourceTree = "<group>"; };
		22E43A331558B4B6003A43B8 /* UIKit.framework */ = {isa = PBXFileReference; lastKnownFileType = wrapper.framework; name = UIKit.framework; path = System/Library/Frameworks/UIKit.framework; sourceTree = SDKROOT; };
		22E43A841559BEE8003A43B8 /* OOOBoxed.h */ = {isa = PBXFileReference; fileEncoding = 4; lastKnownFileType = sourcecode.c.h; path = OOOBoxed.h; sourceTree = "<group>"; };
		22E43A851559BEE8003A43B8 /* OOOBoxed.m */ = {isa = PBXFileReference; fileEncoding = 4; lastKnownFileType = sourcecode.c.objc; path = OOOBoxed.m; sourceTree = "<group>"; };
		22E7697615575C8A006E96DB /* OOOFloatRange.h */ = {isa = PBXFileReference; fileEncoding = 4; lastKnownFileType = sourcecode.c.h; path = OOOFloatRange.h; sourceTree = "<group>"; };
		22E7697715575C8A006E96DB /* OOOFloatRange.m */ = {isa = PBXFileReference; fileEncoding = 4; lastKnownFileType = sourcecode.c.objc; path = OOOFloatRange.m; sourceTree = "<group>"; };
		22E7697815575C8A006E96DB /* OOOIntRange.h */ = {isa = PBXFileReference; fileEncoding = 4; lastKnownFileType = sourcecode.c.h; path = OOOIntRange.h; sourceTree = "<group>"; };
		22E7697915575C8A006E96DB /* OOOIntRange.m */ = {isa = PBXFileReference; fileEncoding = 4; lastKnownFileType = sourcecode.c.objc; path = OOOIntRange.m; sourceTree = "<group>"; };
/* End PBXFileReference section */

/* Begin PBXFrameworksBuildPhase section */
		229E27AE1557473D001452E5 /* Frameworks */ = {
			isa = PBXFrameworksBuildPhase;
			buildActionMask = 2147483647;
			files = (
				229E27B51557473D001452E5 /* Foundation.framework in Frameworks */,
			);
			runOnlyForDeploymentPostprocessing = 0;
		};
		229E27BD1557473D001452E5 /* Frameworks */ = {
			isa = PBXFrameworksBuildPhase;
			buildActionMask = 2147483647;
			files = (
				229E27C31557473D001452E5 /* SenTestingKit.framework in Frameworks */,
				229E27C61557473D001452E5 /* Foundation.framework in Frameworks */,
				229E27C91557473D001452E5 /* libcooocoa.a in Frameworks */,
			);
			runOnlyForDeploymentPostprocessing = 0;
		};
/* End PBXFrameworksBuildPhase section */

/* Begin PBXGroup section */
		229E27A61557473C001452E5 = {
			isa = PBXGroup;
			children = (
				229E27DE155747CC001452E5 /* Classes */,
				229E283215574E75001452E5 /* Other Sources */,
				229E27E0155747DF001452E5 /* Tests */,
				229E27B31557473D001452E5 /* Frameworks */,
				229E27B21557473D001452E5 /* Products */,
			);
			sourceTree = "<group>";
		};
		229E27B21557473D001452E5 /* Products */ = {
			isa = PBXGroup;
			children = (
				229E27B11557473D001452E5 /* libcooocoa.a */,
				229E27C11557473D001452E5 /* cooocoaTests.octest */,
			);
			name = Products;
			sourceTree = "<group>";
		};
		229E27B31557473D001452E5 /* Frameworks */ = {
			isa = PBXGroup;
			children = (
				22E43A331558B4B6003A43B8 /* UIKit.framework */,
				229E27B41557473D001452E5 /* Foundation.framework */,
				229E27C21557473D001452E5 /* SenTestingKit.framework */,
			);
			name = Frameworks;
			sourceTree = "<group>";
		};
		229E27DE155747CC001452E5 /* Classes */ = {
			isa = PBXGroup;
			children = (
				229E282B15574CF3001452E5 /* cooocoa.h */,
				229E27F31557489B001452E5 /* Categories */,
				229E281415574972001452E5 /* Utils */,
				229E27F4155748A2001452E5 /* XML */,
			);
			path = Classes;
			sourceTree = "<group>";
		};
		229E27E0155747DF001452E5 /* Tests */ = {
			isa = PBXGroup;
			children = (
				229E2809155748F5001452E5 /* cooocoaTests.h */,
				229E280A155748F5001452E5 /* cooocoaTests.m */,
			);
			path = Tests;
			sourceTree = "<group>";
		};
		229E27F31557489B001452E5 /* Categories */ = {
			isa = PBXGroup;
			children = (
				229E27F7155748C2001452E5 /* NSArray+OOOExtensions.h */,
				229E27F8155748C2001452E5 /* NSArray+OOOExtensions.m */,
				229E27F9155748C2001452E5 /* NSMutableArray+OOOExtensions.h */,
				229E27FA155748C2001452E5 /* NSMutableArray+OOOExtensions.m */,
				229E27FB155748C2001452E5 /* NSString+OOOExtensions.h */,
				229E27FC155748C2001452E5 /* NSString+OOOExtensions.m */,
			);
			name = Categories;
			sourceTree = "<group>";
		};
		229E27F4155748A2001452E5 /* XML */ = {
			isa = PBXGroup;
			children = (
				229E27F5155748C2001452E5 /* GDataXMLNode+OOOExtensions.h */,
				229E27F6155748C2001452E5 /* GDataXMLNode+OOOExtensions.m */,
				229E280C1557494C001452E5 /* GDataXMLException.h */,
				229E280D1557494C001452E5 /* GDataXMLException.m */,
				229E280E1557494C001452E5 /* GDataXMLNode.h */,
				229E280F1557494C001452E5 /* GDataXMLNode.m */,
			);
			name = XML;
			sourceTree = "<group>";
		};
		229E281415574972001452E5 /* Utils */ = {
			isa = PBXGroup;
			children = (
				22E43A841559BEE8003A43B8 /* OOOBoxed.h */,
				22E43A851559BEE8003A43B8 /* OOOBoxed.m */,
				229E2815155749A6001452E5 /* OOOCollections.h */,
				229E2816155749A6001452E5 /* OOOCollections.m */,
				22A87042156AEAE300101F6D /* OOOEasing.h */,
				22A87043156AEAE300101F6D /* OOOEasing.m */,
				229E2817155749A6001452E5 /* OOOEnum.h */,
				229E2818155749A6001452E5 /* OOOEnum.m */,
				2231637515B4FA7900F85F32 /* OOOFlags.h */,
				2231637615B4FA7900F85F32 /* OOOFlags.m */,
				22E7697615575C8A006E96DB /* OOOFloatRange.h */,
				22E7697715575C8A006E96DB /* OOOFloatRange.m */,
				22E7697815575C8A006E96DB /* OOOIntRange.h */,
				22E7697915575C8A006E96DB /* OOOIntRange.m */,
				227F8BEC15DB0092005ADF63 /* OOOKey.h */,
				227F8BED15DB0092005ADF63 /* OOOKey.m */,
				229E2819155749A6001452E5 /* OOOMacros.h */,
				2230241E15B4B26C00E10499 /* OOOMath.h */,
				2230241F15B4B26C00E10499 /* OOOMath.m */,
				22A87045156AEAE300101F6D /* OOOPowerEaser.h */,
				22A87046156AEAE300101F6D /* OOOPowerEaser.m */,
				227F8BFB15DC3D07005ADF63 /* OOOProfiler.h */,
				227F8BFC15DC3D07005ADF63 /* OOOProfiler.m */,
				229E281A155749A6001452E5 /* OOORandoms.h */,
				229E281B155749A6001452E5 /* OOORandoms.m */,
				222C963A1558812000ED42B1 /* OOORegistration.h */,
				222C963B1558812000ED42B1 /* OOORegistration.m */,
				225041B7155889B10014FA5D /* OOOTypes.h */,
				229E281C155749A6001452E5 /* OOOUtils.h */,
				229E281D155749A6001452E5 /* OOOUtils.m */,
				229E281E155749A6001452E5 /* OOOWeightedArray.h */,
				229E281F155749A6001452E5 /* OOOWeightedArray.m */,
			);
			name = Utils;
			sourceTree = "<group>";
		};
		229E283215574E75001452E5 /* Other Sources */ = {
			isa = PBXGroup;
			children = (
				229E283315574E87001452E5 /* cooocoa_Prefix.pch */,
			);
			name = "Other Sources";
			sourceTree = "<group>";
		};
/* End PBXGroup section */

/* Begin PBXHeadersBuildPhase section */
		229E27AF1557473D001452E5 /* Headers */ = {
			isa = PBXHeadersBuildPhase;
			buildActionMask = 2147483647;
			files = (
				229E27FF155748C2001452E5 /* GDataXMLNode+OOOExtensions.h in Headers */,
				229E2801155748C2001452E5 /* NSArray+OOOExtensions.h in Headers */,
				229E2803155748C2001452E5 /* NSMutableArray+OOOExtensions.h in Headers */,
				229E2805155748C2001452E5 /* NSString+OOOExtensions.h in Headers */,
				229E28101557494C001452E5 /* GDataXMLException.h in Headers */,
				229E28121557494C001452E5 /* GDataXMLNode.h in Headers */,
				229E2820155749A6001452E5 /* OOOCollections.h in Headers */,
				229E2822155749A6001452E5 /* OOOEnum.h in Headers */,
				229E2824155749A6001452E5 /* OOOMacros.h in Headers */,
				229E2825155749A6001452E5 /* OOORandoms.h in Headers */,
				229E2827155749A6001452E5 /* OOOUtils.h in Headers */,
				229E2829155749A6001452E5 /* OOOWeightedArray.h in Headers */,
				229E283415574E87001452E5 /* cooocoa_Prefix.pch in Headers */,
				22E7697A15575C8A006E96DB /* OOOFloatRange.h in Headers */,
				22E7697C15575C8A006E96DB /* OOOIntRange.h in Headers */,
				222C963C1558812000ED42B1 /* OOORegistration.h in Headers */,
				225041B8155889B10014FA5D /* OOOTypes.h in Headers */,
				22E43A861559BEE8003A43B8 /* OOOBoxed.h in Headers */,
				22A87047156AEAE300101F6D /* OOOEasing.h in Headers */,
				22A8704A156AEAE300101F6D /* OOOPowerEaser.h in Headers */,
				2230242015B4B26C00E10499 /* OOOMath.h in Headers */,
				2231637715B4FA7900F85F32 /* OOOFlags.h in Headers */,
				227F8BEE15DB0092005ADF63 /* OOOKey.h in Headers */,
			);
			runOnlyForDeploymentPostprocessing = 0;
		};
/* End PBXHeadersBuildPhase section */

/* Begin PBXNativeTarget section */
		229E27B01557473D001452E5 /* cooocoa */ = {
			isa = PBXNativeTarget;
			buildConfigurationList = 229E27D51557473D001452E5 /* Build configuration list for PBXNativeTarget "cooocoa" */;
			buildPhases = (
				229E27AD1557473D001452E5 /* Sources */,
				229E27AE1557473D001452E5 /* Frameworks */,
				229E27AF1557473D001452E5 /* Headers */,
			);
			buildRules = (
			);
			dependencies = (
			);
			name = cooocoa;
			productName = cooocoa;
			productReference = 229E27B11557473D001452E5 /* libcooocoa.a */;
			productType = "com.apple.product-type.library.static";
		};
		229E27C01557473D001452E5 /* cooocoaTests */ = {
			isa = PBXNativeTarget;
			buildConfigurationList = 229E27D81557473D001452E5 /* Build configuration list for PBXNativeTarget "cooocoaTests" */;
			buildPhases = (
				229E27BC1557473D001452E5 /* Sources */,
				229E27BD1557473D001452E5 /* Frameworks */,
				229E27BE1557473D001452E5 /* Resources */,
				229E27BF1557473D001452E5 /* ShellScript */,
			);
			buildRules = (
			);
			dependencies = (
				229E27C81557473D001452E5 /* PBXTargetDependency */,
			);
			name = cooocoaTests;
			productName = cooocoaTests;
			productReference = 229E27C11557473D001452E5 /* cooocoaTests.octest */;
			productType = "com.apple.product-type.bundle";
		};
/* End PBXNativeTarget section */

/* Begin PBXProject section */
		229E27A81557473C001452E5 /* Project object */ = {
			isa = PBXProject;
			attributes = {
				CLASSPREFIX = OOO;
				LastUpgradeCheck = 0440;
				ORGANIZATIONNAME = "Three Rings Design";
			};
			buildConfigurationList = 229E27AB1557473C001452E5 /* Build configuration list for PBXProject "cooocoa" */;
			compatibilityVersion = "Xcode 3.2";
			developmentRegion = English;
			hasScannedForEncodings = 0;
			knownRegions = (
				en,
			);
			mainGroup = 229E27A61557473C001452E5;
			productRefGroup = 229E27B21557473D001452E5 /* Products */;
			projectDirPath = "";
			projectRoot = "";
			targets = (
				229E27B01557473D001452E5 /* cooocoa */,
				229E27C01557473D001452E5 /* cooocoaTests */,
			);
		};
/* End PBXProject section */

/* Begin PBXResourcesBuildPhase section */
		229E27BE1557473D001452E5 /* Resources */ = {
			isa = PBXResourcesBuildPhase;
			buildActionMask = 2147483647;
			files = (
			);
			runOnlyForDeploymentPostprocessing = 0;
		};
/* End PBXResourcesBuildPhase section */

/* Begin PBXShellScriptBuildPhase section */
		229E27BF1557473D001452E5 /* ShellScript */ = {
			isa = PBXShellScriptBuildPhase;
			buildActionMask = 2147483647;
			files = (
			);
			inputPaths = (
			);
			outputPaths = (
			);
			runOnlyForDeploymentPostprocessing = 0;
			shellPath = /bin/sh;
			shellScript = "# Run the unit tests in this test bundle.\n\"${SYSTEM_DEVELOPER_DIR}/Tools/RunUnitTests\"\n";
		};
/* End PBXShellScriptBuildPhase section */

/* Begin PBXSourcesBuildPhase section */
		229E27AD1557473D001452E5 /* Sources */ = {
			isa = PBXSourcesBuildPhase;
			buildActionMask = 2147483647;
			files = (
				229E2800155748C2001452E5 /* GDataXMLNode+OOOExtensions.m in Sources */,
				229E2802155748C2001452E5 /* NSArray+OOOExtensions.m in Sources */,
				229E2804155748C2001452E5 /* NSMutableArray+OOOExtensions.m in Sources */,
				229E2806155748C2001452E5 /* NSString+OOOExtensions.m in Sources */,
				229E28111557494C001452E5 /* GDataXMLException.m in Sources */,
				229E28131557494C001452E5 /* GDataXMLNode.m in Sources */,
				229E2821155749A6001452E5 /* OOOCollections.m in Sources */,
				229E2823155749A6001452E5 /* OOOEnum.m in Sources */,
				229E2826155749A6001452E5 /* OOORandoms.m in Sources */,
				229E2828155749A6001452E5 /* OOOUtils.m in Sources */,
				229E282A155749A6001452E5 /* OOOWeightedArray.m in Sources */,
				22E7697B15575C8A006E96DB /* OOOFloatRange.m in Sources */,
				22E7697D15575C8A006E96DB /* OOOIntRange.m in Sources */,
				222C963D1558812000ED42B1 /* OOORegistration.m in Sources */,
				22E43A871559BEE8003A43B8 /* OOOBoxed.m in Sources */,
				22A87048156AEAE300101F6D /* OOOEasing.m in Sources */,
				22A8704B156AEAE300101F6D /* OOOPowerEaser.m in Sources */,
				2230242115B4B26C00E10499 /* OOOMath.m in Sources */,
				2231637815B4FA7900F85F32 /* OOOFlags.m in Sources */,
				227F8BEF15DB0092005ADF63 /* OOOKey.m in Sources */,
				227F8C1615DC4EB7005ADF63 /* OOOProfiler.m in Sources */,
			);
			runOnlyForDeploymentPostprocessing = 0;
		};
		229E27BC1557473D001452E5 /* Sources */ = {
			isa = PBXSourcesBuildPhase;
			buildActionMask = 2147483647;
			files = (
				229E280B155748F5001452E5 /* cooocoaTests.m in Sources */,
			);
			runOnlyForDeploymentPostprocessing = 0;
		};
/* End PBXSourcesBuildPhase section */

/* Begin PBXTargetDependency section */
		229E27C81557473D001452E5 /* PBXTargetDependency */ = {
			isa = PBXTargetDependency;
			target = 229E27B01557473D001452E5 /* cooocoa */;
			targetProxy = 229E27C71557473D001452E5 /* PBXContainerItemProxy */;
		};
/* End PBXTargetDependency section */

/* Begin XCBuildConfiguration section */
		229E27D31557473D001452E5 /* Debug */ = {
			isa = XCBuildConfiguration;
			buildSettings = {
				ALWAYS_SEARCH_USER_PATHS = NO;
				ARCHS = "$(ARCHS_STANDARD_32_BIT)";
				CLANG_ENABLE_OBJC_ARC = YES;
				COPY_PHASE_STRIP = NO;
				GCC_C_LANGUAGE_STANDARD = gnu99;
				GCC_DYNAMIC_NO_PIC = NO;
				GCC_OPTIMIZATION_LEVEL = 0;
				GCC_PREPROCESSOR_DEFINITIONS = (
					"DEBUG=1",
					"$(inherited)",
				);
				GCC_SYMBOLS_PRIVATE_EXTERN = NO;
				GCC_VERSION = com.apple.compilers.llvm.clang.1_0;
				GCC_WARN_ABOUT_RETURN_TYPE = YES;
				GCC_WARN_UNINITIALIZED_AUTOS = YES;
				GCC_WARN_UNUSED_VARIABLE = YES;
				HEADER_SEARCH_PATHS = /usr/include/libxml2;
				IPHONEOS_DEPLOYMENT_TARGET = 5.0;
				OTHER_LDFLAGS = (
					"-ObjC",
					"-all_load",
					"-lxml2",
				);
				SDKROOT = iphoneos;
			};
			name = Debug;
		};
		229E27D41557473D001452E5 /* Release */ = {
			isa = XCBuildConfiguration;
			buildSettings = {
				ALWAYS_SEARCH_USER_PATHS = NO;
				ARCHS = "$(ARCHS_STANDARD_32_BIT)";
				CLANG_ENABLE_OBJC_ARC = YES;
				COPY_PHASE_STRIP = YES;
				GCC_C_LANGUAGE_STANDARD = gnu99;
				GCC_VERSION = com.apple.compilers.llvm.clang.1_0;
				GCC_WARN_ABOUT_RETURN_TYPE = YES;
				GCC_WARN_UNINITIALIZED_AUTOS = YES;
				GCC_WARN_UNUSED_VARIABLE = YES;
				HEADER_SEARCH_PATHS = /usr/include/libxml2;
				IPHONEOS_DEPLOYMENT_TARGET = 5.0;
				OTHER_LDFLAGS = (
					"-ObjC",
					"-all_load",
					"-lxml2",
				);
				SDKROOT = iphoneos;
				VALIDATE_PRODUCT = YES;
			};
			name = Release;
		};
		229E27D61557473D001452E5 /* Debug */ = {
			isa = XCBuildConfiguration;
			buildSettings = {
				DSTROOT = /tmp/cooocoa.dst;
				GCC_PRECOMPILE_PREFIX_HEADER = YES;
				GCC_PREFIX_HEADER = cooocoa_Prefix.pch;
				OTHER_LDFLAGS = "-ObjC";
				PRODUCT_NAME = "$(TARGET_NAME)";
				SKIP_INSTALL = YES;
			};
			name = Debug;
		};
		229E27D71557473D001452E5 /* Release */ = {
			isa = XCBuildConfiguration;
			buildSettings = {
				DSTROOT = /tmp/cooocoa.dst;
				GCC_PRECOMPILE_PREFIX_HEADER = YES;
				GCC_PREFIX_HEADER = cooocoa_Prefix.pch;
				OTHER_LDFLAGS = "-ObjC";
				PRODUCT_NAME = "$(TARGET_NAME)";
				SKIP_INSTALL = YES;
			};
			name = Release;
		};
		229E27D91557473D001452E5 /* Debug */ = {
			isa = XCBuildConfiguration;
			buildSettings = {
				FRAMEWORK_SEARCH_PATHS = (
					"$(SDKROOT)/Developer/Library/Frameworks",
					"$(DEVELOPER_LIBRARY_DIR)/Frameworks",
					"\"$(SRCROOT)\"",
				);
				GCC_PRECOMPILE_PREFIX_HEADER = YES;
				GCC_PREFIX_HEADER = cooocoa_Prefix.pch;
				INFOPLIST_FILE = "Tests/cooocoaTests-Info.plist";
				PRODUCT_NAME = "$(TARGET_NAME)";
				WRAPPER_EXTENSION = octest;
			};
			name = Debug;
		};
		229E27DA1557473D001452E5 /* Release */ = {
			isa = XCBuildConfiguration;
			buildSettings = {
				FRAMEWORK_SEARCH_PATHS = (
					"$(SDKROOT)/Developer/Library/Frameworks",
					"$(DEVELOPER_LIBRARY_DIR)/Frameworks",
					"\"$(SRCROOT)\"",
				);
				GCC_PRECOMPILE_PREFIX_HEADER = YES;
				GCC_PREFIX_HEADER = cooocoa_Prefix.pch;
				INFOPLIST_FILE = "Tests/cooocoaTests-Info.plist";
				PRODUCT_NAME = "$(TARGET_NAME)";
				WRAPPER_EXTENSION = octest;
			};
			name = Release;
		};
/* End XCBuildConfiguration section */

/* Begin XCConfigurationList section */
		229E27AB1557473C001452E5 /* Build configuration list for PBXProject "cooocoa" */ = {
			isa = XCConfigurationList;
			buildConfigurations = (
				229E27D31557473D001452E5 /* Debug */,
				229E27D41557473D001452E5 /* Release */,
			);
			defaultConfigurationIsVisible = 0;
			defaultConfigurationName = Release;
		};
		229E27D51557473D001452E5 /* Build configuration list for PBXNativeTarget "cooocoa" */ = {
			isa = XCConfigurationList;
			buildConfigurations = (
				229E27D61557473D001452E5 /* Debug */,
				229E27D71557473D001452E5 /* Release */,
			);
			defaultConfigurationIsVisible = 0;
			defaultConfigurationName = Release;
		};
		229E27D81557473D001452E5 /* Build configuration list for PBXNativeTarget "cooocoaTests" */ = {
			isa = XCConfigurationList;
			buildConfigurations = (
				229E27D91557473D001452E5 /* Debug */,
				229E27DA1557473D001452E5 /* Release */,
			);
			defaultConfigurationIsVisible = 0;
			defaultConfigurationName = Release;
		};
/* End XCConfigurationList section */
	};
	rootObject = 229E27A81557473C001452E5 /* Project object */;
}
